{
  "lockfileVersion": 1,
  "workspaces": {
    "": {
      "dependencies": {
        "zod": "^3.24.3",
      },
    },
  },
  "packages": {
    "zod": ["zod@3.24.3", "", {}, "sha512-HhY1oqzWCQWuUqvBFnsyrtZRhyPeR7SUGv+C4+MsisMuVfSPx8HpwWqH8tRahSlt6M3PiFAcoeFhZAqIXTxoSg=="],
  }
}
